// !$*UTF8*$!
{
	archiveVersion = 1;
	classes = {
	};
	objectVersion = 46;
	objects = {

/* Begin PBXBuildFile section */
		0103593D1A52BA8400213C81 /* SpriteKit.framework in Frameworks */ = {isa = PBXBuildFile; fileRef = 0103593C1A52BA8400213C81 /* SpriteKit.framework */; };
		010359411A52BF5900213C81 /* menu-bcg.png in Resources */ = {isa = PBXBuildFile; fileRef = 010359401A52BF5900213C81 /* menu-bcg.png */; };
		010359431A52C43B00213C81 /* sml-logo.png in Resources */ = {isa = PBXBuildFile; fileRef = 010359421A52C43B00213C81 /* sml-logo.png */; };
		019B1D771A4AEEA40097939C /* GlobalConstants.swift in Sources */ = {isa = PBXBuildFile; fileRef = 019B1D761A4AEEA40097939C /* GlobalConstants.swift */; };
		01FAE3841A49FF4600DF3660 /* AppDelegate.swift in Sources */ = {isa = PBXBuildFile; fileRef = 01FAE3831A49FF4600DF3660 /* AppDelegate.swift */; };
		01FAE3871A49FF4600DF3660 /* GenericConferenceApp.xcdatamodeld in Sources */ = {isa = PBXBuildFile; fileRef = 01FAE3851A49FF4600DF3660 /* GenericConferenceApp.xcdatamodeld */; };
		01FAE3891A49FF4600DF3660 /* ViewController.swift in Sources */ = {isa = PBXBuildFile; fileRef = 01FAE3881A49FF4600DF3660 /* ViewController.swift */; };
		01FAE38C1A49FF4600DF3660 /* Main.storyboard in Resources */ = {isa = PBXBuildFile; fileRef = 01FAE38A1A49FF4600DF3660 /* Main.storyboard */; };
		01FAE38E1A49FF4600DF3660 /* Images.xcassets in Resources */ = {isa = PBXBuildFile; fileRef = 01FAE38D1A49FF4600DF3660 /* Images.xcassets */; };
		01FAE3911A49FF4600DF3660 /* LaunchScreen.xib in Resources */ = {isa = PBXBuildFile; fileRef = 01FAE38F1A49FF4600DF3660 /* LaunchScreen.xib */; };
		01FAE39D1A49FF4600DF3660 /* GenericConferenceAppTests.swift in Sources */ = {isa = PBXBuildFile; fileRef = 01FAE39C1A49FF4600DF3660 /* GenericConferenceAppTests.swift */; };
		01FAE3AC1A4A0F9A00DF3660 /* reveal-icon.png in Resources */ = {isa = PBXBuildFile; fileRef = 01FAE3AA1A4A0F9A00DF3660 /* reveal-icon.png */; };
		01FAE3AD1A4A0F9A00DF3660 /* reveal-icon@2x.png in Resources */ = {isa = PBXBuildFile; fileRef = 01FAE3AB1A4A0F9A00DF3660 /* reveal-icon@2x.png */; };
		01FAE3B11A4AD00D00DF3660 /* MenuViewController.swift in Sources */ = {isa = PBXBuildFile; fileRef = 01FAE3B01A4AD00D00DF3660 /* MenuViewController.swift */; };
		3A92DE1DDDAD0D06C787007C /* libPods.a in Frameworks */ = {isa = PBXBuildFile; fileRef = 813DEF88ED54006C0AA32046 /* libPods.a */; };
/* End PBXBuildFile section */

/* Begin PBXContainerItemProxy section */
		01FAE3971A49FF4600DF3660 /* PBXContainerItemProxy */ = {
			isa = PBXContainerItemProxy;
			containerPortal = 01FAE3761A49FF4600DF3660 /* Project object */;
			proxyType = 1;
			remoteGlobalIDString = 01FAE37D1A49FF4600DF3660;
			remoteInfo = GenericConferenceApp;
		};
/* End PBXContainerItemProxy section */

/* Begin PBXFileReference section */
		0103593C1A52BA8400213C81 /* SpriteKit.framework */ = {isa = PBXFileReference; lastKnownFileType = wrapper.framework; name = SpriteKit.framework; path = System/Library/Frameworks/SpriteKit.framework; sourceTree = SDKROOT; };
		010359401A52BF5900213C81 /* menu-bcg.png */ = {isa = PBXFileReference; lastKnownFileType = image.png; path = "menu-bcg.png"; sourceTree = "<group>"; };
		010359421A52C43B00213C81 /* sml-logo.png */ = {isa = PBXFileReference; lastKnownFileType = image.png; path = "sml-logo.png"; sourceTree = "<group>"; };
		019B1D761A4AEEA40097939C /* GlobalConstants.swift */ = {isa = PBXFileReference; fileEncoding = 4; lastKnownFileType = sourcecode.swift; path = GlobalConstants.swift; sourceTree = "<group>"; };
		01FAE37E1A49FF4600DF3660 /* GenericConferenceApp.app */ = {isa = PBXFileReference; explicitFileType = wrapper.application; includeInIndex = 0; path = GenericConferenceApp.app; sourceTree = BUILT_PRODUCTS_DIR; };
		01FAE3821A49FF4600DF3660 /* Info.plist */ = {isa = PBXFileReference; lastKnownFileType = text.plist.xml; path = Info.plist; sourceTree = "<group>"; };
		01FAE3831A49FF4600DF3660 /* AppDelegate.swift */ = {isa = PBXFileReference; lastKnownFileType = sourcecode.swift; path = AppDelegate.swift; sourceTree = "<group>"; };
		01FAE3861A49FF4600DF3660 /* GenericConferenceApp.xcdatamodel */ = {isa = PBXFileReference; lastKnownFileType = wrapper.xcdatamodel; path = GenericConferenceApp.xcdatamodel; sourceTree = "<group>"; };
		01FAE3881A49FF4600DF3660 /* ViewController.swift */ = {isa = PBXFileReference; lastKnownFileType = sourcecode.swift; path = ViewController.swift; sourceTree = "<group>"; };
		01FAE38B1A49FF4600DF3660 /* Base */ = {isa = PBXFileReference; lastKnownFileType = file.storyboard; name = Base; path = Base.lproj/Main.storyboard; sourceTree = "<group>"; };
		01FAE38D1A49FF4600DF3660 /* Images.xcassets */ = {isa = PBXFileReference; lastKnownFileType = folder.assetcatalog; path = Images.xcassets; sourceTree = "<group>"; };
		01FAE3901A49FF4600DF3660 /* Base */ = {isa = PBXFileReference; lastKnownFileType = file.xib; name = Base; path = Base.lproj/LaunchScreen.xib; sourceTree = "<group>"; };
		01FAE3961A49FF4600DF3660 /* GenericConferenceAppTests.xctest */ = {isa = PBXFileReference; explicitFileType = wrapper.cfbundle; includeInIndex = 0; path = GenericConferenceAppTests.xctest; sourceTree = BUILT_PRODUCTS_DIR; };
		01FAE39B1A49FF4600DF3660 /* Info.plist */ = {isa = PBXFileReference; lastKnownFileType = text.plist.xml; path = Info.plist; sourceTree = "<group>"; };
		01FAE39C1A49FF4600DF3660 /* GenericConferenceAppTests.swift */ = {isa = PBXFileReference; lastKnownFileType = sourcecode.swift; path = GenericConferenceAppTests.swift; sourceTree = "<group>"; };
		01FAE3A61A4A0BF000DF3660 /* GenericConferenceApp-Bridging-Header.h */ = {isa = PBXFileReference; lastKnownFileType = sourcecode.c.h; path = "GenericConferenceApp-Bridging-Header.h"; sourceTree = "<group>"; };
		01FAE3AA1A4A0F9A00DF3660 /* reveal-icon.png */ = {isa = PBXFileReference; lastKnownFileType = image.png; path = "reveal-icon.png"; sourceTree = "<group>"; };
		01FAE3AB1A4A0F9A00DF3660 /* reveal-icon@2x.png */ = {isa = PBXFileReference; lastKnownFileType = image.png; path = "reveal-icon@2x.png"; sourceTree = "<group>"; };
		01FAE3B01A4AD00D00DF3660 /* MenuViewController.swift */ = {isa = PBXFileReference; fileEncoding = 4; lastKnownFileType = sourcecode.swift; path = MenuViewController.swift; sourceTree = "<group>"; };
		01FAE3B41A4AD21C00DF3660 /* pl */ = {isa = PBXFileReference; lastKnownFileType = text.plist.strings; name = pl; path = pl.lproj/LaunchScreen.strings; sourceTree = "<group>"; };
		01FAE3B81A4AD3F400DF3660 /* pl */ = {isa = PBXFileReference; lastKnownFileType = text.plist.strings; name = pl; path = pl.lproj/Main.strings; sourceTree = "<group>"; };
		677D93D2A58438490925D367 /* Pods.debug.xcconfig */ = {isa = PBXFileReference; includeInIndex = 1; lastKnownFileType = text.xcconfig; name = Pods.debug.xcconfig; path = "Pods/Target Support Files/Pods/Pods.debug.xcconfig"; sourceTree = "<group>"; };
		813DEF88ED54006C0AA32046 /* libPods.a */ = {isa = PBXFileReference; explicitFileType = archive.ar; includeInIndex = 0; path = libPods.a; sourceTree = BUILT_PRODUCTS_DIR; };
		A3766E03518AE78239401740 /* Pods.release.xcconfig */ = {isa = PBXFileReference; includeInIndex = 1; lastKnownFileType = text.xcconfig; name = Pods.release.xcconfig; path = "Pods/Target Support Files/Pods/Pods.release.xcconfig"; sourceTree = "<group>"; };
/* End PBXFileReference section */

/* Begin PBXFrameworksBuildPhase section */
		01FAE37B1A49FF4600DF3660 /* Frameworks */ = {
			isa = PBXFrameworksBuildPhase;
			buildActionMask = 2147483647;
			files = (
				0103593D1A52BA8400213C81 /* SpriteKit.framework in Frameworks */,
				3A92DE1DDDAD0D06C787007C /* libPods.a in Frameworks */,
			);
			runOnlyForDeploymentPostprocessing = 0;
		};
		01FAE3931A49FF4600DF3660 /* Frameworks */ = {
			isa = PBXFrameworksBuildPhase;
			buildActionMask = 2147483647;
			files = (
			);
			runOnlyForDeploymentPostprocessing = 0;
		};
/* End PBXFrameworksBuildPhase section */

/* Begin PBXGroup section */
		0103593E1A52BDA400213C81 /* menu */ = {
			isa = PBXGroup;
			children = (
				010359421A52C43B00213C81 /* sml-logo.png */,
				010359401A52BF5900213C81 /* menu-bcg.png */,
			);
			name = menu;
			sourceTree = "<group>";
		};
		019B1D751A4AEE910097939C /* Utils */ = {
			isa = PBXGroup;
			children = (
				019B1D761A4AEEA40097939C /* GlobalConstants.swift */,
			);
			name = Utils;
			sourceTree = "<group>";
		};
		01FAE3751A49FF4600DF3660 = {
			isa = PBXGroup;
			children = (
				01FAE3801A49FF4600DF3660 /* GenericConferenceApp */,
				01FAE3991A49FF4600DF3660 /* GenericConferenceAppTests */,
				01FAE37F1A49FF4600DF3660 /* Products */,
				46D1BB6144946D3D915CC401 /* Pods */,
				3B58F66D41A7A0EA0BD03671 /* Frameworks */,
			);
			sourceTree = "<group>";
		};
		01FAE37F1A49FF4600DF3660 /* Products */ = {
			isa = PBXGroup;
			children = (
				01FAE37E1A49FF4600DF3660 /* GenericConferenceApp.app */,
				01FAE3961A49FF4600DF3660 /* GenericConferenceAppTests.xctest */,
			);
			name = Products;
			sourceTree = "<group>";
		};
		01FAE3801A49FF4600DF3660 /* GenericConferenceApp */ = {
			isa = PBXGroup;
			children = (
				019B1D751A4AEE910097939C /* Utils */,
				01FAE3B21A4AD01900DF3660 /* Views */,
				01FAE3A91A4A0F8B00DF3660 /* Resources */,
				01FAE3831A49FF4600DF3660 /* AppDelegate.swift */,
				01FAE38A1A49FF4600DF3660 /* Main.storyboard */,
				01FAE38D1A49FF4600DF3660 /* Images.xcassets */,
				01FAE38F1A49FF4600DF3660 /* LaunchScreen.xib */,
				01FAE3851A49FF4600DF3660 /* GenericConferenceApp.xcdatamodeld */,
				01FAE3811A49FF4600DF3660 /* Supporting Files */,
				01FAE3A61A4A0BF000DF3660 /* GenericConferenceApp-Bridging-Header.h */,
			);
			path = GenericConferenceApp;
			sourceTree = "<group>";
		};
		01FAE3811A49FF4600DF3660 /* Supporting Files */ = {
			isa = PBXGroup;
			children = (
				01FAE3821A49FF4600DF3660 /* Info.plist */,
			);
			name = "Supporting Files";
			sourceTree = "<group>";
		};
		01FAE3991A49FF4600DF3660 /* GenericConferenceAppTests */ = {
			isa = PBXGroup;
			children = (
				01FAE39C1A49FF4600DF3660 /* GenericConferenceAppTests.swift */,
				01FAE39A1A49FF4600DF3660 /* Supporting Files */,
			);
			path = GenericConferenceAppTests;
			sourceTree = "<group>";
		};
		01FAE39A1A49FF4600DF3660 /* Supporting Files */ = {
			isa = PBXGroup;
			children = (
				01FAE39B1A49FF4600DF3660 /* Info.plist */,
			);
			name = "Supporting Files";
			sourceTree = "<group>";
		};
		01FAE3A91A4A0F8B00DF3660 /* Resources */ = {
			isa = PBXGroup;
			children = (
				0103593E1A52BDA400213C81 /* menu */,
				01FAE3AA1A4A0F9A00DF3660 /* reveal-icon.png */,
				01FAE3AB1A4A0F9A00DF3660 /* reveal-icon@2x.png */,
			);
			name = Resources;
			sourceTree = "<group>";
		};
		01FAE3B21A4AD01900DF3660 /* Views */ = {
			isa = PBXGroup;
			children = (
				01FAE3881A49FF4600DF3660 /* ViewController.swift */,
				01FAE3B01A4AD00D00DF3660 /* MenuViewController.swift */,
			);
			name = Views;
			sourceTree = "<group>";
		};
		3B58F66D41A7A0EA0BD03671 /* Frameworks */ = {
			isa = PBXGroup;
			children = (
				0103593C1A52BA8400213C81 /* SpriteKit.framework */,
				813DEF88ED54006C0AA32046 /* libPods.a */,
			);
			name = Frameworks;
			sourceTree = "<group>";
		};
		46D1BB6144946D3D915CC401 /* Pods */ = {
			isa = PBXGroup;
			children = (
				677D93D2A58438490925D367 /* Pods.debug.xcconfig */,
				A3766E03518AE78239401740 /* Pods.release.xcconfig */,
			);
			name = Pods;
			sourceTree = "<group>";
		};
/* End PBXGroup section */

/* Begin PBXNativeTarget section */
		01FAE37D1A49FF4600DF3660 /* GenericConferenceApp */ = {
			isa = PBXNativeTarget;
			buildConfigurationList = 01FAE3A01A49FF4600DF3660 /* Build configuration list for PBXNativeTarget "GenericConferenceApp" */;
			buildPhases = (
				315554BF06F7B39CA0220D5E /* Check Pods Manifest.lock */,
				01FAE37A1A49FF4600DF3660 /* Sources */,
				01FAE37B1A49FF4600DF3660 /* Frameworks */,
				01FAE37C1A49FF4600DF3660 /* Resources */,
				9E03A0CF817CC8283D42CA98 /* Copy Pods Resources */,
			);
			buildRules = (
			);
			dependencies = (
			);
			name = GenericConferenceApp;
			productName = GenericConferenceApp;
			productReference = 01FAE37E1A49FF4600DF3660 /* GenericConferenceApp.app */;
			productType = "com.apple.product-type.application";
		};
		01FAE3951A49FF4600DF3660 /* GenericConferenceAppTests */ = {
			isa = PBXNativeTarget;
			buildConfigurationList = 01FAE3A31A49FF4600DF3660 /* Build configuration list for PBXNativeTarget "GenericConferenceAppTests" */;
			buildPhases = (
				01FAE3921A49FF4600DF3660 /* Sources */,
				01FAE3931A49FF4600DF3660 /* Frameworks */,
				01FAE3941A49FF4600DF3660 /* Resources */,
			);
			buildRules = (
			);
			dependencies = (
				01FAE3981A49FF4600DF3660 /* PBXTargetDependency */,
			);
			name = GenericConferenceAppTests;
			productName = GenericConferenceAppTests;
			productReference = 01FAE3961A49FF4600DF3660 /* GenericConferenceAppTests.xctest */;
			productType = "com.apple.product-type.bundle.unit-test";
		};
/* End PBXNativeTarget section */

/* Begin PBXProject section */
		01FAE3761A49FF4600DF3660 /* Project object */ = {
			isa = PBXProject;
			attributes = {
				LastUpgradeCheck = 0610;
				ORGANIZATIONNAME = softwaremill.com;
				TargetAttributes = {
					01FAE37D1A49FF4600DF3660 = {
						CreatedOnToolsVersion = 6.1.1;
					};
					01FAE3951A49FF4600DF3660 = {
						CreatedOnToolsVersion = 6.1.1;
						TestTargetID = 01FAE37D1A49FF4600DF3660;
					};
				};
			};
			buildConfigurationList = 01FAE3791A49FF4600DF3660 /* Build configuration list for PBXProject "GenericConferenceApp" */;
			compatibilityVersion = "Xcode 3.2";
			developmentRegion = English;
			hasScannedForEncodings = 0;
			knownRegions = (
				en,
				Base,
				pl,
			);
			mainGroup = 01FAE3751A49FF4600DF3660;
			productRefGroup = 01FAE37F1A49FF4600DF3660 /* Products */;
			projectDirPath = "";
			projectRoot = "";
			targets = (
				01FAE37D1A49FF4600DF3660 /* GenericConferenceApp */,
				01FAE3951A49FF4600DF3660 /* GenericConferenceAppTests */,
			);
		};
/* End PBXProject section */

/* Begin PBXResourcesBuildPhase section */
		01FAE37C1A49FF4600DF3660 /* Resources */ = {
			isa = PBXResourcesBuildPhase;
			buildActionMask = 2147483647;
			files = (
				010359431A52C43B00213C81 /* sml-logo.png in Resources */,
				01FAE38C1A49FF4600DF3660 /* Main.storyboard in Resources */,
				01FAE3AD1A4A0F9A00DF3660 /* reveal-icon@2x.png in Resources */,
				01FAE3911A49FF4600DF3660 /* LaunchScreen.xib in Resources */,
				01FAE38E1A49FF4600DF3660 /* Images.xcassets in Resources */,
				01FAE3AC1A4A0F9A00DF3660 /* reveal-icon.png in Resources */,
				010359411A52BF5900213C81 /* menu-bcg.png in Resources */,
			);
			runOnlyForDeploymentPostprocessing = 0;
		};
		01FAE3941A49FF4600DF3660 /* Resources */ = {
			isa = PBXResourcesBuildPhase;
			buildActionMask = 2147483647;
			files = (
			);
			runOnlyForDeploymentPostprocessing = 0;
		};
/* End PBXResourcesBuildPhase section */

/* Begin PBXShellScriptBuildPhase section */
		315554BF06F7B39CA0220D5E /* Check Pods Manifest.lock */ = {
			isa = PBXShellScriptBuildPhase;
			buildActionMask = 2147483647;
			files = (
			);
			inputPaths = (
			);
			name = "Check Pods Manifest.lock";
			outputPaths = (
			);
			runOnlyForDeploymentPostprocessing = 0;
			shellPath = /bin/sh;
			shellScript = "diff \"${PODS_ROOT}/../Podfile.lock\" \"${PODS_ROOT}/Manifest.lock\" > /dev/null\nif [[ $? != 0 ]] ; then\n    cat << EOM\nerror: The sandbox is not in sync with the Podfile.lock. Run 'pod install' or update your CocoaPods installation.\nEOM\n    exit 1\nfi\n";
			showEnvVarsInLog = 0;
		};
		9E03A0CF817CC8283D42CA98 /* Copy Pods Resources */ = {
			isa = PBXShellScriptBuildPhase;
			buildActionMask = 2147483647;
			files = (
			);
			inputPaths = (
			);
			name = "Copy Pods Resources";
			outputPaths = (
			);
			runOnlyForDeploymentPostprocessing = 0;
			shellPath = /bin/sh;
			shellScript = "\"${SRCROOT}/Pods/Target Support Files/Pods/Pods-resources.sh\"\n";
			showEnvVarsInLog = 0;
		};
/* End PBXShellScriptBuildPhase section */

/* Begin PBXSourcesBuildPhase section */
		01FAE37A1A49FF4600DF3660 /* Sources */ = {
			isa = PBXSourcesBuildPhase;
			buildActionMask = 2147483647;
			files = (
				01FAE3891A49FF4600DF3660 /* ViewController.swift in Sources */,
				01FAE3841A49FF4600DF3660 /* AppDelegate.swift in Sources */,
				019B1D771A4AEEA40097939C /* GlobalConstants.swift in Sources */,
				01FAE3871A49FF4600DF3660 /* GenericConferenceApp.xcdatamodeld in Sources */,
				01FAE3B11A4AD00D00DF3660 /* MenuViewController.swift in Sources */,
			);
			runOnlyForDeploymentPostprocessing = 0;
		};
		01FAE3921A49FF4600DF3660 /* Sources */ = {
			isa = PBXSourcesBuildPhase;
			buildActionMask = 2147483647;
			files = (
				01FAE39D1A49FF4600DF3660 /* GenericConferenceAppTests.swift in Sources */,
			);
			runOnlyForDeploymentPostprocessing = 0;
		};
/* End PBXSourcesBuildPhase section */

/* Begin PBXTargetDependency section */
		01FAE3981A49FF4600DF3660 /* PBXTargetDependency */ = {
			isa = PBXTargetDependency;
			target = 01FAE37D1A49FF4600DF3660 /* GenericConferenceApp */;
			targetProxy = 01FAE3971A49FF4600DF3660 /* PBXContainerItemProxy */;
		};
/* End PBXTargetDependency section */

/* Begin PBXVariantGroup section */
		01FAE38A1A49FF4600DF3660 /* Main.storyboard */ = {
			isa = PBXVariantGroup;
			children = (
				01FAE38B1A49FF4600DF3660 /* Base */,
				01FAE3B81A4AD3F400DF3660 /* pl */,
			);
			name = Main.storyboard;
			sourceTree = "<group>";
		};
		01FAE38F1A49FF4600DF3660 /* LaunchScreen.xib */ = {
			isa = PBXVariantGroup;
			children = (
				01FAE3901A49FF4600DF3660 /* Base */,
				01FAE3B41A4AD21C00DF3660 /* pl */,
			);
			name = LaunchScreen.xib;
			sourceTree = "<group>";
		};
/* End PBXVariantGroup section */

/* Begin XCBuildConfiguration section */
		01FAE39E1A49FF4600DF3660 /* Debug */ = {
			isa = XCBuildConfiguration;
			buildSettings = {
				ALWAYS_SEARCH_USER_PATHS = NO;
				CLANG_CXX_LANGUAGE_STANDARD = "gnu++0x";
				CLANG_CXX_LIBRARY = "libc++";
				CLANG_ENABLE_MODULES = YES;
				CLANG_ENABLE_OBJC_ARC = YES;
				CLANG_WARN_BOOL_CONVERSION = YES;
				CLANG_WARN_CONSTANT_CONVERSION = YES;
				CLANG_WARN_DIRECT_OBJC_ISA_USAGE = YES_ERROR;
				CLANG_WARN_EMPTY_BODY = YES;
				CLANG_WARN_ENUM_CONVERSION = YES;
				CLANG_WARN_INT_CONVERSION = YES;
				CLANG_WARN_OBJC_ROOT_CLASS = YES_ERROR;
				CLANG_WARN_UNREACHABLE_CODE = YES;
				CLANG_WARN__DUPLICATE_METHOD_MATCH = YES;
				"CODE_SIGN_IDENTITY[sdk=iphoneos*]" = "iPhone Developer";
				COPY_PHASE_STRIP = NO;
				ENABLE_STRICT_OBJC_MSGSEND = YES;
				GCC_C_LANGUAGE_STANDARD = gnu99;
				GCC_DYNAMIC_NO_PIC = NO;
				GCC_OPTIMIZATION_LEVEL = 0;
				GCC_PREPROCESSOR_DEFINITIONS = (
					"DEBUG=1",
					"$(inherited)",
				);
				GCC_SYMBOLS_PRIVATE_EXTERN = NO;
				GCC_WARN_64_TO_32_BIT_CONVERSION = YES;
				GCC_WARN_ABOUT_RETURN_TYPE = YES_ERROR;
				GCC_WARN_UNDECLARED_SELECTOR = YES;
				GCC_WARN_UNINITIALIZED_AUTOS = YES_AGGRESSIVE;
				GCC_WARN_UNUSED_FUNCTION = YES;
				GCC_WARN_UNUSED_VARIABLE = YES;
				IPHONEOS_DEPLOYMENT_TARGET = 8.1;
				MTL_ENABLE_DEBUG_INFO = YES;
				ONLY_ACTIVE_ARCH = YES;
				SDKROOT = iphoneos;
				SWIFT_OPTIMIZATION_LEVEL = "-Onone";
			};
			name = Debug;
		};
		01FAE39F1A49FF4600DF3660 /* Release */ = {
			isa = XCBuildConfiguration;
			buildSettings = {
				ALWAYS_SEARCH_USER_PATHS = NO;
				CLANG_CXX_LANGUAGE_STANDARD = "gnu++0x";
				CLANG_CXX_LIBRARY = "libc++";
				CLANG_ENABLE_MODULES = YES;
				CLANG_ENABLE_OBJC_ARC = YES;
				CLANG_WARN_BOOL_CONVERSION = YES;
				CLANG_WARN_CONSTANT_CONVERSION = YES;
				CLANG_WARN_DIRECT_OBJC_ISA_USAGE = YES_ERROR;
				CLANG_WARN_EMPTY_BODY = YES;
				CLANG_WARN_ENUM_CONVERSION = YES;
				CLANG_WARN_INT_CONVERSION = YES;
				CLANG_WARN_OBJC_ROOT_CLASS = YES_ERROR;
				CLANG_WARN_UNREACHABLE_CODE = YES;
				CLANG_WARN__DUPLICATE_METHOD_MATCH = YES;
				"CODE_SIGN_IDENTITY[sdk=iphoneos*]" = "iPhone Developer";
				COPY_PHASE_STRIP = YES;
				ENABLE_NS_ASSERTIONS = NO;
				ENABLE_STRICT_OBJC_MSGSEND = YES;
				GCC_C_LANGUAGE_STANDARD = gnu99;
				GCC_WARN_64_TO_32_BIT_CONVERSION = YES;
				GCC_WARN_ABOUT_RETURN_TYPE = YES_ERROR;
				GCC_WARN_UNDECLARED_SELECTOR = YES;
				GCC_WARN_UNINITIALIZED_AUTOS = YES_AGGRESSIVE;
				GCC_WARN_UNUSED_FUNCTION = YES;
				GCC_WARN_UNUSED_VARIABLE = YES;
				IPHONEOS_DEPLOYMENT_TARGET = 8.1;
				MTL_ENABLE_DEBUG_INFO = NO;
				SDKROOT = iphoneos;
				VALIDATE_PRODUCT = YES;
			};
			name = Release;
		};
		01FAE3A11A49FF4600DF3660 /* Debug */ = {
			isa = XCBuildConfiguration;
			baseConfigurationReference = 677D93D2A58438490925D367 /* Pods.debug.xcconfig */;
			buildSettings = {
				ASSETCATALOG_COMPILER_APPICON_NAME = AppIcon;
				CLANG_ENABLE_MODULES = YES;
				INFOPLIST_FILE = GenericConferenceApp/Info.plist;
				LD_RUNPATH_SEARCH_PATHS = "$(inherited) @executable_path/Frameworks";
				PRODUCT_NAME = "$(TARGET_NAME)";
				SWIFT_OBJC_BRIDGING_HEADER = "GenericConferenceApp/GenericConferenceApp-Bridging-Header.h";
				SWIFT_OPTIMIZATION_LEVEL = "-Onone";
			};
			name = Debug;
		};
		01FAE3A21A49FF4600DF3660 /* Release */ = {
			isa = XCBuildConfiguration;
			baseConfigurationReference = A3766E03518AE78239401740 /* Pods.release.xcconfig */;
			buildSettings = {
				ASSETCATALOG_COMPILER_APPICON_NAME = AppIcon;
				CLANG_ENABLE_MODULES = YES;
				INFOPLIST_FILE = GenericConferenceApp/Info.plist;
				LD_RUNPATH_SEARCH_PATHS = "$(inherited) @executable_path/Frameworks";
				PRODUCT_NAME = "$(TARGET_NAME)";
				SWIFT_OBJC_BRIDGING_HEADER = "GenericConferenceApp/GenericConferenceApp-Bridging-Header.h";
			};
			name = Release;
		};
		01FAE3A41A49FF4600DF3660 /* Debug */ = {
			isa = XCBuildConfiguration;
			buildSettings = {
				BUNDLE_LOADER = "$(TEST_HOST)";
				FRAMEWORK_SEARCH_PATHS = (
					"$(SDKROOT)/Developer/Library/Frameworks",
					"$(inherited)",
				);
				GCC_PREPROCESSOR_DEFINITIONS = (
					"DEBUG=1",
					"$(inherited)",
				);
				INFOPLIST_FILE = GenericConferenceAppTests/Info.plist;
				LD_RUNPATH_SEARCH_PATHS = "$(inherited) @executable_path/Frameworks @loader_path/Frameworks";
				PRODUCT_NAME = "$(TARGET_NAME)";
				TEST_HOST = "$(BUILT_PRODUCTS_DIR)/GenericConferenceApp.app/GenericConferenceApp";
			};
			name = Debug;
		};
		01FAE3A51A49FF4600DF3660 /* Release */ = {
			isa = XCBuildConfiguration;
			buildSettings = {
				BUNDLE_LOADER = "$(TEST_HOST)";
				FRAMEWORK_SEARCH_PATHS = (
					"$(SDKROOT)/Developer/Library/Frameworks",
					"$(inherited)",
				);
				INFOPLIST_FILE = GenericConferenceAppTests/Info.plist;
				LD_RUNPATH_SEARCH_PATHS = "$(inherited) @executable_path/Frameworks @loader_path/Frameworks";
				PRODUCT_NAME = "$(TARGET_NAME)";
				TEST_HOST = "$(BUILT_PRODUCTS_DIR)/GenericConferenceApp.app/GenericConferenceApp";
			};
			name = Release;
		};
/* End XCBuildConfiguration section */

/* Begin XCConfigurationList section */
		01FAE3791A49FF4600DF3660 /* Build configuration list for PBXProject "GenericConferenceApp" */ = {
			isa = XCConfigurationList;
			buildConfigurations = (
				01FAE39E1A49FF4600DF3660 /* Debug */,
				01FAE39F1A49FF4600DF3660 /* Release */,
			);
			defaultConfigurationIsVisible = 0;
			defaultConfigurationName = Release;
		};
		01FAE3A01A49FF4600DF3660 /* Build configuration list for PBXNativeTarget "GenericConferenceApp" */ = {
			isa = XCConfigurationList;
			buildConfigurations = (
				01FAE3A11A49FF4600DF3660 /* Debug */,
				01FAE3A21A49FF4600DF3660 /* Release */,
			);
			defaultConfigurationIsVisible = 0;
			defaultConfigurationName = Release;
		};
		01FAE3A31A49FF4600DF3660 /* Build configuration list for PBXNativeTarget "GenericConferenceAppTests" */ = {
			isa = XCConfigurationList;
			buildConfigurations = (
				01FAE3A41A49FF4600DF3660 /* Debug */,
				01FAE3A51A49FF4600DF3660 /* Release */,
			);
			defaultConfigurationIsVisible = 0;
			defaultConfigurationName = Release;
		};
/* End XCConfigurationList section */

/* Begin XCVersionGroup section */
		01FAE3851A49FF4600DF3660 /* GenericConferenceApp.xcdatamodeld */ = {
			isa = XCVersionGroup;
			children = (
				01FAE3861A49FF4600DF3660 /* GenericConferenceApp.xcdatamodel */,
			);
			currentVersion = 01FAE3861A49FF4600DF3660 /* GenericConferenceApp.xcdatamodel */;
			path = GenericConferenceApp.xcdatamodeld;
			sourceTree = "<group>";
			versionGroupType = wrapper.xcdatamodel;
		};
/* End XCVersionGroup section */
	};
	rootObject = 01FAE3761A49FF4600DF3660 /* Project object */;
}
